
Microsoft Visual Studio Solution File, Format Version 12.00
# Visual Studio Version 16
VisualStudioVersion = 16.0.34407.143
MinimumVisualStudioVersion = 10.0.40219.1
Project("{FAE04EC0-301F-11D3-BF4B-00C04F79EFBC}") = "MathChallenge", "MathChallenge\MathChallenge.csproj", "{2EE3F8AD-410C-422C-B5A5-7DFB59C41736}"
EndProject
Global
	GlobalSection(SolutionConfigurationPlatforms) = preSolution
		Debug|Any CPU = Debug|Any CPU
		Release|Any CPU = Release|Any CPU
	EndGlobalSection
	GlobalSection(ProjectConfigurationPlatforms) = postSolution
		{2EE3F8AD-410C-422C-B5A5-7DFB59C41736}.Debug|Any CPU.ActiveCfg = Debug|Any CPU
		{2EE3F8AD-410C-422C-B5A5-7DFB59C41736}.Debug|Any CPU.Build.0 = Debug|Any CPU
		{2EE3F8AD-410C-422C-B5A5-7DFB59C41736}.Release|Any CPU.ActiveCfg = Release|Any CPU
		{2EE3F8AD-410C-422C-B5A5-7DFB59C41736}.Release|Any CPU.Build.0 = Release|Any CPU
	EndGlobalSection
	GlobalSection(SolutionProperties) = preSolution
		HideSolutionNode = FALSE
	EndGlobalSection
	GlobalSection(ExtensibilityGlobals) = postSolution
		SolutionGuid = {6B255553-BBCC-45C6-B7AD-CA768EDCA264}
	EndGlobalSection
EndGlobal
